
Microsoft Visual Studio Solution File, Format Version 12.00
# Visual Studio Version 17
VisualStudioVersion = 17.4.33110.190
MinimumVisualStudioVersion = 10.0.40219.1
Project("{FAE04EC0-301F-11D3-BF4B-00C04F79EFBC}") = "Presentation", "SpaghettiCommerce\Presentation.csproj", "{EAA003D6-80D9-45A9-AACB-257899ED3A7B}"
EndProject
Project("{FAE04EC0-301F-11D3-BF4B-00C04F79EFBC}") = "Domain", "Domain\Domain.csproj", "{A620E738-CC79-45B0-8CD3-F72A79269804}"
EndProject
Global
	GlobalSection(SolutionConfigurationPlatforms) = preSolution
		Debug|Any CPU = Debug|Any CPU
		Release|Any CPU = Release|Any CPU
	EndGlobalSection
	GlobalSection(ProjectConfigurationPlatforms) = postSolution
		{EAA003D6-80D9-45A9-AACB-257899ED3A7B}.Debug|Any CPU.ActiveCfg = Debug|Any CPU
		{EAA003D6-80D9-45A9-AACB-257899ED3A7B}.Debug|Any CPU.Build.0 = Debug|Any CPU
		{EAA003D6-80D9-45A9-AACB-257899ED3A7B}.Release|Any CPU.ActiveCfg = Release|Any CPU
		{EAA003D6-80D9-45A9-AACB-257899ED3A7B}.Release|Any CPU.Build.0 = Release|Any CPU
		{A620E738-CC79-45B0-8CD3-F72A79269804}.Debug|Any CPU.ActiveCfg = Debug|Any CPU
		{A620E738-CC79-45B0-8CD3-F72A79269804}.Debug|Any CPU.Build.0 = Debug|Any CPU
		{A620E738-CC79-45B0-8CD3-F72A79269804}.Release|Any CPU.ActiveCfg = Release|Any CPU
		{A620E738-CC79-45B0-8CD3-F72A79269804}.Release|Any CPU.Build.0 = Release|Any CPU
	EndGlobalSection
	GlobalSection(SolutionProperties) = preSolution
		HideSolutionNode = FALSE
	EndGlobalSection
	GlobalSection(ExtensibilityGlobals) = postSolution
		SolutionGuid = {49AA9CBE-807D-4470-B5AA-EBEECABB11EA}
	EndGlobalSection
EndGlobal
